// !$*UTF8*$!
{
	archiveVersion = 1;
	classes = {
	};
	objectVersion = 46;
	objects = {

/* Begin PBXBuildFile section */
		4E67238D1E3136E100790916 /* Constants.swift in Sources */ = {isa = PBXBuildFile; fileRef = 4E67238C1E3136E100790916 /* Constants.swift */; };
		4E67238F1E313B7300790916 /* CurrentWeather.swift in Sources */ = {isa = PBXBuildFile; fileRef = 4E67238E1E313B7300790916 /* CurrentWeather.swift */; };
		4EA105921E2E0F6F0001057A /* AppDelegate.swift in Sources */ = {isa = PBXBuildFile; fileRef = 4EA105911E2E0F6F0001057A /* AppDelegate.swift */; };
		4EA105941E2E0F6F0001057A /* WeatherVC.swift in Sources */ = {isa = PBXBuildFile; fileRef = 4EA105931E2E0F6F0001057A /* WeatherVC.swift */; };
		4EA105971E2E0F6F0001057A /* Main.storyboard in Resources */ = {isa = PBXBuildFile; fileRef = 4EA105951E2E0F6F0001057A /* Main.storyboard */; };
		4EA105991E2E0F6F0001057A /* Assets.xcassets in Resources */ = {isa = PBXBuildFile; fileRef = 4EA105981E2E0F6F0001057A /* Assets.xcassets */; };
		4EA1059C1E2E0F6F0001057A /* LaunchScreen.storyboard in Resources */ = {isa = PBXBuildFile; fileRef = 4EA1059A1E2E0F6F0001057A /* LaunchScreen.storyboard */; };
		E6B1A344607D89ED473A7C50 /* Pods_RainyShine.framework in Frameworks */ = {isa = PBXBuildFile; fileRef = 18CB2E7E21286FED53F940D5 /* Pods_RainyShine.framework */; };
/* End PBXBuildFile section */

/* Begin PBXFileReference section */
		0B9FA55D855CB0F56AF2C0A2 /* Pods-RainyShine.debug.xcconfig */ = {isa = PBXFileReference; includeInIndex = 1; lastKnownFileType = text.xcconfig; name = "Pods-RainyShine.debug.xcconfig"; path = "Pods/Target Support Files/Pods-RainyShine/Pods-RainyShine.debug.xcconfig"; sourceTree = "<group>"; };
		18CB2E7E21286FED53F940D5 /* Pods_RainyShine.framework */ = {isa = PBXFileReference; explicitFileType = wrapper.framework; includeInIndex = 0; path = Pods_RainyShine.framework; sourceTree = BUILT_PRODUCTS_DIR; };
		4E67238C1E3136E100790916 /* Constants.swift */ = {isa = PBXFileReference; fileEncoding = 4; lastKnownFileType = sourcecode.swift; path = Constants.swift; sourceTree = "<group>"; };
		4E67238E1E313B7300790916 /* CurrentWeather.swift */ = {isa = PBXFileReference; fileEncoding = 4; lastKnownFileType = sourcecode.swift; path = CurrentWeather.swift; sourceTree = "<group>"; };
		4EA1058E1E2E0F6F0001057A /* RainyShine.app */ = {isa = PBXFileReference; explicitFileType = wrapper.application; includeInIndex = 0; path = RainyShine.app; sourceTree = BUILT_PRODUCTS_DIR; };
		4EA105911E2E0F6F0001057A /* AppDelegate.swift */ = {isa = PBXFileReference; lastKnownFileType = sourcecode.swift; path = AppDelegate.swift; sourceTree = "<group>"; };
		4EA105931E2E0F6F0001057A /* WeatherVC.swift */ = {isa = PBXFileReference; lastKnownFileType = sourcecode.swift; path = WeatherVC.swift; sourceTree = "<group>"; };
		4EA105961E2E0F6F0001057A /* Base */ = {isa = PBXFileReference; lastKnownFileType = file.storyboard; name = Base; path = Base.lproj/Main.storyboard; sourceTree = "<group>"; };
		4EA105981E2E0F6F0001057A /* Assets.xcassets */ = {isa = PBXFileReference; lastKnownFileType = folder.assetcatalog; path = Assets.xcassets; sourceTree = "<group>"; };
		4EA1059B1E2E0F6F0001057A /* Base */ = {isa = PBXFileReference; lastKnownFileType = file.storyboard; name = Base; path = Base.lproj/LaunchScreen.storyboard; sourceTree = "<group>"; };
		4EA1059D1E2E0F700001057A /* Info.plist */ = {isa = PBXFileReference; lastKnownFileType = text.plist.xml; path = Info.plist; sourceTree = "<group>"; };
		5906F5EF28271A11F23B99D2 /* Pods-RainyShine.release.xcconfig */ = {isa = PBXFileReference; includeInIndex = 1; lastKnownFileType = text.xcconfig; name = "Pods-RainyShine.release.xcconfig"; path = "Pods/Target Support Files/Pods-RainyShine/Pods-RainyShine.release.xcconfig"; sourceTree = "<group>"; };
/* End PBXFileReference section */

/* Begin PBXFrameworksBuildPhase section */
		4EA1058B1E2E0F6F0001057A /* Frameworks */ = {
			isa = PBXFrameworksBuildPhase;
			buildActionMask = 2147483647;
			files = (
				E6B1A344607D89ED473A7C50 /* Pods_RainyShine.framework in Frameworks */,
			);
			runOnlyForDeploymentPostprocessing = 0;
		};
/* End PBXFrameworksBuildPhase section */

/* Begin PBXGroup section */
		4E67238B1E3136C900790916 /* Model */ = {
			isa = PBXGroup;
			children = (
				4E67238C1E3136E100790916 /* Constants.swift */,
				4E67238E1E313B7300790916 /* CurrentWeather.swift */,
			);
			name = Model;
			sourceTree = "<group>";
		};
		4EA105851E2E0F6F0001057A = {
			isa = PBXGroup;
			children = (
				4EA105901E2E0F6F0001057A /* RainyShine */,
				4EA1058F1E2E0F6F0001057A /* Products */,
				5A024CA6C46E26C330AEAB6B /* Pods */,
				CCD6838328B0080672249841 /* Frameworks */,
			);
			sourceTree = "<group>";
		};
		4EA1058F1E2E0F6F0001057A /* Products */ = {
			isa = PBXGroup;
			children = (
				4EA1058E1E2E0F6F0001057A /* RainyShine.app */,
			);
			name = Products;
			sourceTree = "<group>";
		};
		4EA105901E2E0F6F0001057A /* RainyShine */ = {
			isa = PBXGroup;
			children = (
				4E67238B1E3136C900790916 /* Model */,
				4EA105A31E2E18920001057A /* Controller */,
				4EA105911E2E0F6F0001057A /* AppDelegate.swift */,
				4EA105951E2E0F6F0001057A /* Main.storyboard */,
				4EA105981E2E0F6F0001057A /* Assets.xcassets */,
				4EA1059A1E2E0F6F0001057A /* LaunchScreen.storyboard */,
				4EA1059D1E2E0F700001057A /* Info.plist */,
			);
			path = RainyShine;
			sourceTree = "<group>";
		};
		4EA105A31E2E18920001057A /* Controller */ = {
			isa = PBXGroup;
			children = (
				4EA105931E2E0F6F0001057A /* WeatherVC.swift */,
			);
			name = Controller;
			sourceTree = "<group>";
		};
		5A024CA6C46E26C330AEAB6B /* Pods */ = {
			isa = PBXGroup;
			children = (
				0B9FA55D855CB0F56AF2C0A2 /* Pods-RainyShine.debug.xcconfig */,
				5906F5EF28271A11F23B99D2 /* Pods-RainyShine.release.xcconfig */,
			);
			name = Pods;
			sourceTree = "<group>";
		};
		CCD6838328B0080672249841 /* Frameworks */ = {
			isa = PBXGroup;
			children = (
				18CB2E7E21286FED53F940D5 /* Pods_RainyShine.framework */,
			);
			name = Frameworks;
			sourceTree = "<group>";
		};
/* End PBXGroup section */

/* Begin PBXNativeTarget section */
		4EA1058D1E2E0F6F0001057A /* RainyShine */ = {
			isa = PBXNativeTarget;
			buildConfigurationList = 4EA105A01E2E0F700001057A /* Build configuration list for PBXNativeTarget "RainyShine" */;
			buildPhases = (
				DD36F8F85AF2C4DAE66F4016 /* [CP] Check Pods Manifest.lock */,
				4EA1058A1E2E0F6F0001057A /* Sources */,
				4EA1058B1E2E0F6F0001057A /* Frameworks */,
				4EA1058C1E2E0F6F0001057A /* Resources */,
				EA9D826E84D6F81E20EBBC86 /* [CP] Embed Pods Frameworks */,
				D28E506B35E3EF25BA5186C7 /* [CP] Copy Pods Resources */,
			);
			buildRules = (
			);
			dependencies = (
			);
			name = RainyShine;
			productName = RainyShine;
			productReference = 4EA1058E1E2E0F6F0001057A /* RainyShine.app */;
			productType = "com.apple.product-type.application";
		};
/* End PBXNativeTarget section */

/* Begin PBXProject section */
		4EA105861E2E0F6F0001057A /* Project object */ = {
			isa = PBXProject;
			attributes = {
				LastSwiftUpdateCheck = 0820;
				LastUpgradeCheck = 0820;
				ORGANIZATIONNAME = "Sang Saephan";
				TargetAttributes = {
					4EA1058D1E2E0F6F0001057A = {
						CreatedOnToolsVersion = 8.2.1;
						ProvisioningStyle = Automatic;
					};
				};
			};
			buildConfigurationList = 4EA105891E2E0F6F0001057A /* Build configuration list for PBXProject "RainyShine" */;
			compatibilityVersion = "Xcode 3.2";
			developmentRegion = English;
			hasScannedForEncodings = 0;
			knownRegions = (
				en,
				Base,
			);
			mainGroup = 4EA105851E2E0F6F0001057A;
			productRefGroup = 4EA1058F1E2E0F6F0001057A /* Products */;
			projectDirPath = "";
			projectRoot = "";
			targets = (
				4EA1058D1E2E0F6F0001057A /* RainyShine */,
			);
		};
/* End PBXProject section */

/* Begin PBXResourcesBuildPhase section */
		4EA1058C1E2E0F6F0001057A /* Resources */ = {
			isa = PBXResourcesBuildPhase;
			buildActionMask = 2147483647;
			files = (
				4EA1059C1E2E0F6F0001057A /* LaunchScreen.storyboard in Resources */,
				4EA105991E2E0F6F0001057A /* Assets.xcassets in Resources */,
				4EA105971E2E0F6F0001057A /* Main.storyboard in Resources */,
			);
			runOnlyForDeploymentPostprocessing = 0;
		};
/* End PBXResourcesBuildPhase section */

/* Begin PBXShellScriptBuildPhase section */
		D28E506B35E3EF25BA5186C7 /* [CP] Copy Pods Resources */ = {
			isa = PBXShellScriptBuildPhase;
			buildActionMask = 2147483647;
			files = (
			);
			inputPaths = (
			);
			name = "[CP] Copy Pods Resources";
			outputPaths = (
			);
			runOnlyForDeploymentPostprocessing = 0;
			shellPath = /bin/sh;
			shellScript = "\"${SRCROOT}/Pods/Target Support Files/Pods-RainyShine/Pods-RainyShine-resources.sh\"\n";
			showEnvVarsInLog = 0;
		};
		DD36F8F85AF2C4DAE66F4016 /* [CP] Check Pods Manifest.lock */ = {
			isa = PBXShellScriptBuildPhase;
			buildActionMask = 2147483647;
			files = (
			);
			inputPaths = (
			);
			name = "[CP] Check Pods Manifest.lock";
			outputPaths = (
			);
			runOnlyForDeploymentPostprocessing = 0;
			shellPath = /bin/sh;
			shellScript = "diff \"${PODS_ROOT}/../Podfile.lock\" \"${PODS_ROOT}/Manifest.lock\" > /dev/null\nif [ $? != 0 ] ; then\n    # print error to STDERR\n    echo \"error: The sandbox is not in sync with the Podfile.lock. Run 'pod install' or update your CocoaPods installation.\" >&2\n    exit 1\nfi\n";
			showEnvVarsInLog = 0;
		};
		EA9D826E84D6F81E20EBBC86 /* [CP] Embed Pods Frameworks */ = {
			isa = PBXShellScriptBuildPhase;
			buildActionMask = 2147483647;
			files = (
			);
			inputPaths = (
			);
			name = "[CP] Embed Pods Frameworks";
			outputPaths = (
			);
			runOnlyForDeploymentPostprocessing = 0;
			shellPath = /bin/sh;
			shellScript = "\"${SRCROOT}/Pods/Target Support Files/Pods-RainyShine/Pods-RainyShine-frameworks.sh\"\n";
			showEnvVarsInLog = 0;
		};
/* End PBXShellScriptBuildPhase section */

/* Begin PBXSourcesBuildPhase section */
		4EA1058A1E2E0F6F0001057A /* Sources */ = {
			isa = PBXSourcesBuildPhase;
			buildActionMask = 2147483647;
			files = (
				4EA105941E2E0F6F0001057A /* WeatherVC.swift in Sources */,
				4EA105921E2E0F6F0001057A /* AppDelegate.swift in Sources */,
				4E67238F1E313B7300790916 /* CurrentWeather.swift in Sources */,
				4E67238D1E3136E100790916 /* Constants.swift in Sources */,
			);
			runOnlyForDeploymentPostprocessing = 0;
		};
/* End PBXSourcesBuildPhase section */

/* Begin PBXVariantGroup section */
		4EA105951E2E0F6F0001057A /* Main.storyboard */ = {
			isa = PBXVariantGroup;
			children = (
				4EA105961E2E0F6F0001057A /* Base */,
			);
			name = Main.storyboard;
			sourceTree = "<group>";
		};
		4EA1059A1E2E0F6F0001057A /* LaunchScreen.storyboard */ = {
			isa = PBXVariantGroup;
			children = (
				4EA1059B1E2E0F6F0001057A /* Base */,
			);
			name = LaunchScreen.storyboard;
			sourceTree = "<group>";
		};
/* End PBXVariantGroup section */

/* Begin XCBuildConfiguration section */
		4EA1059E1E2E0F700001057A /* Debug */ = {
			isa = XCBuildConfiguration;
			buildSettings = {
				ALWAYS_SEARCH_USER_PATHS = NO;
				CLANG_ANALYZER_NONNULL = YES;
				CLANG_CXX_LANGUAGE_STANDARD = "gnu++0x";
				CLANG_CXX_LIBRARY = "libc++";
				CLANG_ENABLE_MODULES = YES;
				CLANG_ENABLE_OBJC_ARC = YES;
				CLANG_WARN_BOOL_CONVERSION = YES;
				CLANG_WARN_CONSTANT_CONVERSION = YES;
				CLANG_WARN_DIRECT_OBJC_ISA_USAGE = YES_ERROR;
				CLANG_WARN_DOCUMENTATION_COMMENTS = YES;
				CLANG_WARN_EMPTY_BODY = YES;
				CLANG_WARN_ENUM_CONVERSION = YES;
				CLANG_WARN_INFINITE_RECURSION = YES;
				CLANG_WARN_INT_CONVERSION = YES;
				CLANG_WARN_OBJC_ROOT_CLASS = YES_ERROR;
				CLANG_WARN_SUSPICIOUS_MOVE = YES;
				CLANG_WARN_UNREACHABLE_CODE = YES;
				CLANG_WARN__DUPLICATE_METHOD_MATCH = YES;
				"CODE_SIGN_IDENTITY[sdk=iphoneos*]" = "iPhone Developer";
				COPY_PHASE_STRIP = NO;
				DEBUG_INFORMATION_FORMAT = dwarf;
				ENABLE_STRICT_OBJC_MSGSEND = YES;
				ENABLE_TESTABILITY = YES;
				GCC_C_LANGUAGE_STANDARD = gnu99;
				GCC_DYNAMIC_NO_PIC = NO;
				GCC_NO_COMMON_BLOCKS = YES;
				GCC_OPTIMIZATION_LEVEL = 0;
				GCC_PREPROCESSOR_DEFINITIONS = (
					"DEBUG=1",
					"$(inherited)",
				);
				GCC_WARN_64_TO_32_BIT_CONVERSION = YES;
				GCC_WARN_ABOUT_RETURN_TYPE = YES_ERROR;
				GCC_WARN_UNDECLARED_SELECTOR = YES;
				GCC_WARN_UNINITIALIZED_AUTOS = YES_AGGRESSIVE;
				GCC_WARN_UNUSED_FUNCTION = YES;
				GCC_WARN_UNUSED_VARIABLE = YES;
				IPHONEOS_DEPLOYMENT_TARGET = 10.2;
				MTL_ENABLE_DEBUG_INFO = YES;
				ONLY_ACTIVE_ARCH = YES;
				SDKROOT = iphoneos;
				SWIFT_ACTIVE_COMPILATION_CONDITIONS = DEBUG;
				SWIFT_OPTIMIZATION_LEVEL = "-Onone";
			};
			name = Debug;
		};
		4EA1059F1E2E0F700001057A /* Release */ = {
			isa = XCBuildConfiguration;
			buildSettings = {
				ALWAYS_SEARCH_USER_PATHS = NO;
				CLANG_ANALYZER_NONNULL = YES;
				CLANG_CXX_LANGUAGE_STANDARD = "gnu++0x";
				CLANG_CXX_LIBRARY = "libc++";
				CLANG_ENABLE_MODULES = YES;
				CLANG_ENABLE_OBJC_ARC = YES;
				CLANG_WARN_BOOL_CONVERSION = YES;
				CLANG_WARN_CONSTANT_CONVERSION = YES;
				CLANG_WARN_DIRECT_OBJC_ISA_USAGE = YES_ERROR;
				CLANG_WARN_DOCUMENTATION_COMMENTS = YES;
				CLANG_WARN_EMPTY_BODY = YES;
				CLANG_WARN_ENUM_CONVERSION = YES;
				CLANG_WARN_INFINITE_RECURSION = YES;
				CLANG_WARN_INT_CONVERSION = YES;
				CLANG_WARN_OBJC_ROOT_CLASS = YES_ERROR;
				CLANG_WARN_SUSPICIOUS_MOVE = YES;
				CLANG_WARN_UNREACHABLE_CODE = YES;
				CLANG_WARN__DUPLICATE_METHOD_MATCH = YES;
				"CODE_SIGN_IDENTITY[sdk=iphoneos*]" = "iPhone Developer";
				COPY_PHASE_STRIP = NO;
				DEBUG_INFORMATION_FORMAT = "dwarf-with-dsym";
				ENABLE_NS_ASSERTIONS = NO;
				ENABLE_STRICT_OBJC_MSGSEND = YES;
				GCC_C_LANGUAGE_STANDARD = gnu99;
				GCC_NO_COMMON_BLOCKS = YES;
				GCC_WARN_64_TO_32_BIT_CONVERSION = YES;
				GCC_WARN_ABOUT_RETURN_TYPE = YES_ERROR;
				GCC_WARN_UNDECLARED_SELECTOR = YES;
				GCC_WARN_UNINITIALIZED_AUTOS = YES_AGGRESSIVE;
				GCC_WARN_UNUSED_FUNCTION = YES;
				GCC_WARN_UNUSED_VARIABLE = YES;
				IPHONEOS_DEPLOYMENT_TARGET = 10.2;
				MTL_ENABLE_DEBUG_INFO = NO;
				SDKROOT = iphoneos;
				SWIFT_OPTIMIZATION_LEVEL = "-Owholemodule";
				VALIDATE_PRODUCT = YES;
			};
			name = Release;
		};
		4EA105A11E2E0F700001057A /* Debug */ = {
			isa = XCBuildConfiguration;
			baseConfigurationReference = 0B9FA55D855CB0F56AF2C0A2 /* Pods-RainyShine.debug.xcconfig */;
			buildSettings = {
				ASSETCATALOG_COMPILER_APPICON_NAME = AppIcon;
				INFOPLIST_FILE = RainyShine/Info.plist;
				LD_RUNPATH_SEARCH_PATHS = "$(inherited) @executable_path/Frameworks";
				PRODUCT_BUNDLE_IDENTIFIER = com.SangSaephan.RainyShine;
				PRODUCT_NAME = "$(TARGET_NAME)";
				SWIFT_VERSION = 3.0;
			};
			name = Debug;
		};
		4EA105A21E2E0F700001057A /* Release */ = {
			isa = XCBuildConfiguration;
			baseConfigurationReference = 5906F5EF28271A11F23B99D2 /* Pods-RainyShine.release.xcconfig */;
			buildSettings = {
				ASSETCATALOG_COMPILER_APPICON_NAME = AppIcon;
				INFOPLIST_FILE = RainyShine/Info.plist;
				LD_RUNPATH_SEARCH_PATHS = "$(inherited) @executable_path/Frameworks";
				PRODUCT_BUNDLE_IDENTIFIER = com.SangSaephan.RainyShine;
				PRODUCT_NAME = "$(TARGET_NAME)";
				SWIFT_VERSION = 3.0;
			};
			name = Release;
		};
/* End XCBuildConfiguration section */

/* Begin XCConfigurationList section */
		4EA105891E2E0F6F0001057A /* Build configuration list for PBXProject "RainyShine" */ = {
			isa = XCConfigurationList;
			buildConfigurations = (
				4EA1059E1E2E0F700001057A /* Debug */,
				4EA1059F1E2E0F700001057A /* Release */,
			);
			defaultConfigurationIsVisible = 0;
			defaultConfigurationName = Release;
		};
		4EA105A01E2E0F700001057A /* Build configuration list for PBXNativeTarget "RainyShine" */ = {
			isa = XCConfigurationList;
			buildConfigurations = (
				4EA105A11E2E0F700001057A /* Debug */,
				4EA105A21E2E0F700001057A /* Release */,
			);
			defaultConfigurationIsVisible = 0;
			defaultConfigurationName = Release;
		};
/* End XCConfigurationList section */
	};
	rootObject = 4EA105861E2E0F6F0001057A /* Project object */;
}
